// !$*UTF8*$!
{
	archiveVersion = 1;
	classes = {
	};
	objectVersion = 46;
	objects = {

/* Begin PBXAggregateTarget section */
		"EJSwiftShim::EJSwiftShimPackageTests::ProductTarget" /* EJSwiftShimPackageTests */ = {
			isa = PBXAggregateTarget;
			buildConfigurationList = OBJ_33 /* Build configuration list for PBXAggregateTarget "EJSwiftShimPackageTests" */;
			buildPhases = (
			);
			dependencies = (
				OBJ_36 /* PBXTargetDependency */,
			);
			name = EJSwiftShimPackageTests;
			productName = EJSwiftShimPackageTests;
		};
/* End PBXAggregateTarget section */

/* Begin PBXBuildFile section */
		52C20AC32571374500655EBF /* ShimCreateClassTypeTests.swift in Sources */ = {isa = PBXBuildFile; fileRef = 52C20AC22571374500655EBF /* ShimCreateClassTypeTests.swift */; };
		52C20AC9257139B200655EBF /* TestClass.swift in Sources */ = {isa = PBXBuildFile; fileRef = 52C20AC8257139B200655EBF /* TestClass.swift */; };
		52C20ACF25713C8200655EBF /* Shim.swift in Sources */ = {isa = PBXBuildFile; fileRef = 52C20ACE25713C8200655EBF /* Shim.swift */; };
		52C20AD525713CF800655EBF /* Shimable.swift in Sources */ = {isa = PBXBuildFile; fileRef = 52C20AD425713CF800655EBF /* Shimable.swift */; };
		52C20ADB2571406400655EBF /* ClassTypeShim.swift in Sources */ = {isa = PBXBuildFile; fileRef = 52C20ADA2571406400655EBF /* ClassTypeShim.swift */; };
		52C20AE125714FA800655EBF /* ShimError.swift in Sources */ = {isa = PBXBuildFile; fileRef = 52C20AE025714FA800655EBF /* ShimError.swift */; };
		52C20AEB25715A5F00655EBF /* ShimCreateIntanceTypeTests.swift in Sources */ = {isa = PBXBuildFile; fileRef = 52C20AEA25715A5F00655EBF /* ShimCreateIntanceTypeTests.swift */; };
		52C20AF125715B6100655EBF /* InstanceTypeShim.swift in Sources */ = {isa = PBXBuildFile; fileRef = 52C20AF025715B6100655EBF /* InstanceTypeShim.swift */; };
		52C20AFB257161D200655EBF /* BlockChecker.swift in Sources */ = {isa = PBXBuildFile; fileRef = 52C20AFA257161D200655EBF /* BlockChecker.swift */; };
		52C20B01257163B100655EBF /* ContextTests.swift in Sources */ = {isa = PBXBuildFile; fileRef = 52C20B00257163B100655EBF /* ContextTests.swift */; };
		52C20B072571645000655EBF /* Context.swift in Sources */ = {isa = PBXBuildFile; fileRef = 52C20B062571645000655EBF /* Context.swift */; };
		52C20B0D257173F400655EBF /* MockShim.swift in Sources */ = {isa = PBXBuildFile; fileRef = 52C20B0C257173F400655EBF /* MockShim.swift */; };
		52C20B132572156300655EBF /* ClassTypeShimReplacableTests.swift in Sources */ = {isa = PBXBuildFile; fileRef = 52C20B122572156300655EBF /* ClassTypeShimReplacableTests.swift */; };
		52C20B192572170E00655EBF /* InstanceTypeShimReplacableTests.swift in Sources */ = {isa = PBXBuildFile; fileRef = 52C20B182572170E00655EBF /* InstanceTypeShimReplacableTests.swift */; };
		OBJ_24 /* EJSwiftShim.swift in Sources */ = {isa = PBXBuildFile; fileRef = OBJ_9 /* EJSwiftShim.swift */; };
		OBJ_31 /* Package.swift in Sources */ = {isa = PBXBuildFile; fileRef = OBJ_6 /* Package.swift */; };
		OBJ_42 /* EJSwiftShimTests.swift in Sources */ = {isa = PBXBuildFile; fileRef = OBJ_12 /* EJSwiftShimTests.swift */; };
		OBJ_43 /* XCTestManifests.swift in Sources */ = {isa = PBXBuildFile; fileRef = OBJ_13 /* XCTestManifests.swift */; };
		OBJ_45 /* EJSwiftShim.framework in Frameworks */ = {isa = PBXBuildFile; fileRef = "EJSwiftShim::EJSwiftShim::Product" /* EJSwiftShim.framework */; };
/* End PBXBuildFile section */

/* Begin PBXContainerItemProxy section */
		52CD55F0256F63A000DA6387 /* PBXContainerItemProxy */ = {
			isa = PBXContainerItemProxy;
			containerPortal = OBJ_1 /* Project object */;
			proxyType = 1;
			remoteGlobalIDString = "EJSwiftShim::EJSwiftShim";
			remoteInfo = EJSwiftShim;
		};
		52CD55F3256F63A100DA6387 /* PBXContainerItemProxy */ = {
			isa = PBXContainerItemProxy;
			containerPortal = OBJ_1 /* Project object */;
			proxyType = 1;
			remoteGlobalIDString = "EJSwiftShim::EJSwiftShimTests";
			remoteInfo = EJSwiftShimTests;
		};
/* End PBXContainerItemProxy section */

/* Begin PBXFileReference section */
		52C20AC22571374500655EBF /* ShimCreateClassTypeTests.swift */ = {isa = PBXFileReference; lastKnownFileType = sourcecode.swift; path = ShimCreateClassTypeTests.swift; sourceTree = "<group>"; };
		52C20AC8257139B200655EBF /* TestClass.swift */ = {isa = PBXFileReference; lastKnownFileType = sourcecode.swift; path = TestClass.swift; sourceTree = "<group>"; };
		52C20ACE25713C8200655EBF /* Shim.swift */ = {isa = PBXFileReference; lastKnownFileType = sourcecode.swift; path = Shim.swift; sourceTree = "<group>"; };
		52C20AD425713CF800655EBF /* Shimable.swift */ = {isa = PBXFileReference; lastKnownFileType = sourcecode.swift; path = Shimable.swift; sourceTree = "<group>"; };
		52C20ADA2571406400655EBF /* ClassTypeShim.swift */ = {isa = PBXFileReference; lastKnownFileType = sourcecode.swift; path = ClassTypeShim.swift; sourceTree = "<group>"; };
		52C20AE025714FA800655EBF /* ShimError.swift */ = {isa = PBXFileReference; lastKnownFileType = sourcecode.swift; path = ShimError.swift; sourceTree = "<group>"; };
		52C20AEA25715A5F00655EBF /* ShimCreateIntanceTypeTests.swift */ = {isa = PBXFileReference; lastKnownFileType = sourcecode.swift; path = ShimCreateIntanceTypeTests.swift; sourceTree = "<group>"; };
		52C20AF025715B6100655EBF /* InstanceTypeShim.swift */ = {isa = PBXFileReference; lastKnownFileType = sourcecode.swift; path = InstanceTypeShim.swift; sourceTree = "<group>"; };
		52C20AFA257161D200655EBF /* BlockChecker.swift */ = {isa = PBXFileReference; lastKnownFileType = sourcecode.swift; path = BlockChecker.swift; sourceTree = "<group>"; };
		52C20B00257163B100655EBF /* ContextTests.swift */ = {isa = PBXFileReference; lastKnownFileType = sourcecode.swift; path = ContextTests.swift; sourceTree = "<group>"; };
		52C20B062571645000655EBF /* Context.swift */ = {isa = PBXFileReference; lastKnownFileType = sourcecode.swift; path = Context.swift; sourceTree = "<group>"; };
		52C20B0C257173F400655EBF /* MockShim.swift */ = {isa = PBXFileReference; lastKnownFileType = sourcecode.swift; path = MockShim.swift; sourceTree = "<group>"; };
		52C20B122572156300655EBF /* ClassTypeShimReplacableTests.swift */ = {isa = PBXFileReference; lastKnownFileType = sourcecode.swift; path = ClassTypeShimReplacableTests.swift; sourceTree = "<group>"; };
		52C20B182572170E00655EBF /* InstanceTypeShimReplacableTests.swift */ = {isa = PBXFileReference; lastKnownFileType = sourcecode.swift; path = InstanceTypeShimReplacableTests.swift; sourceTree = "<group>"; };
		"EJSwiftShim::EJSwiftShim::Product" /* EJSwiftShim.framework */ = {isa = PBXFileReference; lastKnownFileType = wrapper.framework; path = EJSwiftShim.framework; sourceTree = BUILT_PRODUCTS_DIR; };
		"EJSwiftShim::EJSwiftShimTests::Product" /* EJSwiftShimTests.xctest */ = {isa = PBXFileReference; lastKnownFileType = file; path = EJSwiftShimTests.xctest; sourceTree = BUILT_PRODUCTS_DIR; };
		OBJ_12 /* EJSwiftShimTests.swift */ = {isa = PBXFileReference; lastKnownFileType = sourcecode.swift; path = EJSwiftShimTests.swift; sourceTree = "<group>"; };
		OBJ_13 /* XCTestManifests.swift */ = {isa = PBXFileReference; lastKnownFileType = sourcecode.swift; path = XCTestManifests.swift; sourceTree = "<group>"; };
		OBJ_17 /* LICENSE */ = {isa = PBXFileReference; lastKnownFileType = text; path = LICENSE; sourceTree = "<group>"; };
		OBJ_18 /* README.md */ = {isa = PBXFileReference; lastKnownFileType = net.daringfireball.markdown; path = README.md; sourceTree = "<group>"; };
		OBJ_6 /* Package.swift */ = {isa = PBXFileReference; explicitFileType = sourcecode.swift; path = Package.swift; sourceTree = "<group>"; };
		OBJ_9 /* EJSwiftShim.swift */ = {isa = PBXFileReference; lastKnownFileType = sourcecode.swift; path = EJSwiftShim.swift; sourceTree = "<group>"; };
/* End PBXFileReference section */

/* Begin PBXFrameworksBuildPhase section */
		OBJ_25 /* Frameworks */ = {
			isa = PBXFrameworksBuildPhase;
			buildActionMask = 0;
			files = (
			);
			runOnlyForDeploymentPostprocessing = 0;
		};
		OBJ_44 /* Frameworks */ = {
			isa = PBXFrameworksBuildPhase;
			buildActionMask = 0;
			files = (
				OBJ_45 /* EJSwiftShim.framework in Frameworks */,
			);
			runOnlyForDeploymentPostprocessing = 0;
		};
/* End PBXFrameworksBuildPhase section */

/* Begin PBXGroup section */
		OBJ_10 /* Tests */ = {
			isa = PBXGroup;
			children = (
				OBJ_11 /* EJSwiftShimTests */,
			);
			name = Tests;
			sourceTree = SOURCE_ROOT;
		};
		OBJ_11 /* EJSwiftShimTests */ = {
			isa = PBXGroup;
			children = (
				52C20AC22571374500655EBF /* ShimCreateClassTypeTests.swift */,
				52C20AEA25715A5F00655EBF /* ShimCreateIntanceTypeTests.swift */,
				52C20B00257163B100655EBF /* ContextTests.swift */,
				52C20B122572156300655EBF /* ClassTypeShimReplacableTests.swift */,
				52C20B182572170E00655EBF /* InstanceTypeShimReplacableTests.swift */,
				OBJ_12 /* EJSwiftShimTests.swift */,
				52C20B0C257173F400655EBF /* MockShim.swift */,
				52C20AC8257139B200655EBF /* TestClass.swift */,
				OBJ_13 /* XCTestManifests.swift */,
			);
			name = EJSwiftShimTests;
			path = Tests/EJSwiftShimTests;
			sourceTree = SOURCE_ROOT;
		};
		OBJ_14 /* Products */ = {
			isa = PBXGroup;
			children = (
				"EJSwiftShim::EJSwiftShim::Product" /* EJSwiftShim.framework */,
				"EJSwiftShim::EJSwiftShimTests::Product" /* EJSwiftShimTests.xctest */,
			);
			name = Products;
			sourceTree = BUILT_PRODUCTS_DIR;
		};
		OBJ_5 = {
			isa = PBXGroup;
			children = (
				OBJ_6 /* Package.swift */,
				OBJ_7 /* Sources */,
				OBJ_10 /* Tests */,
				OBJ_14 /* Products */,
				OBJ_17 /* LICENSE */,
				OBJ_18 /* README.md */,
			);
			sourceTree = "<group>";
		};
		OBJ_7 /* Sources */ = {
			isa = PBXGroup;
			children = (
				OBJ_8 /* EJSwiftShim */,
			);
			name = Sources;
			sourceTree = SOURCE_ROOT;
		};
		OBJ_8 /* EJSwiftShim */ = {
			isa = PBXGroup;
			children = (
				OBJ_9 /* EJSwiftShim.swift */,
				52C20ACE25713C8200655EBF /* Shim.swift */,
				52C20AD425713CF800655EBF /* Shimable.swift */,
				52C20AE025714FA800655EBF /* ShimError.swift */,
				52C20ADA2571406400655EBF /* ClassTypeShim.swift */,
				52C20AF025715B6100655EBF /* InstanceTypeShim.swift */,
				52C20AFA257161D200655EBF /* BlockChecker.swift */,
				52C20B062571645000655EBF /* Context.swift */,
			);
			name = EJSwiftShim;
			path = Sources/EJSwiftShim;
			sourceTree = SOURCE_ROOT;
		};
/* End PBXGroup section */

/* Begin PBXNativeTarget section */
		"EJSwiftShim::EJSwiftShim" /* EJSwiftShim */ = {
			isa = PBXNativeTarget;
			buildConfigurationList = OBJ_20 /* Build configuration list for PBXNativeTarget "EJSwiftShim" */;
			buildPhases = (
				OBJ_23 /* Sources */,
				OBJ_25 /* Frameworks */,
			);
			buildRules = (
			);
			dependencies = (
			);
			name = EJSwiftShim;
			productName = EJSwiftShim;
			productReference = "EJSwiftShim::EJSwiftShim::Product" /* EJSwiftShim.framework */;
			productType = "com.apple.product-type.framework";
		};
		"EJSwiftShim::EJSwiftShimTests" /* EJSwiftShimTests */ = {
			isa = PBXNativeTarget;
			buildConfigurationList = OBJ_38 /* Build configuration list for PBXNativeTarget "EJSwiftShimTests" */;
			buildPhases = (
				OBJ_41 /* Sources */,
				OBJ_44 /* Frameworks */,
			);
			buildRules = (
			);
			dependencies = (
				OBJ_46 /* PBXTargetDependency */,
			);
			name = EJSwiftShimTests;
			productName = EJSwiftShimTests;
			productReference = "EJSwiftShim::EJSwiftShimTests::Product" /* EJSwiftShimTests.xctest */;
			productType = "com.apple.product-type.bundle.unit-test";
		};
		"EJSwiftShim::SwiftPMPackageDescription" /* EJSwiftShimPackageDescription */ = {
			isa = PBXNativeTarget;
			buildConfigurationList = OBJ_27 /* Build configuration list for PBXNativeTarget "EJSwiftShimPackageDescription" */;
			buildPhases = (
				OBJ_30 /* Sources */,
			);
			buildRules = (
			);
			dependencies = (
			);
			name = EJSwiftShimPackageDescription;
			productName = EJSwiftShimPackageDescription;
			productType = "com.apple.product-type.framework";
		};
/* End PBXNativeTarget section */

/* Begin PBXProject section */
		OBJ_1 /* Project object */ = {
			isa = PBXProject;
			attributes = {
				LastSwiftMigration = 9999;
				LastUpgradeCheck = 9999;
			};
			buildConfigurationList = OBJ_2 /* Build configuration list for PBXProject "EJSwiftShim" */;
			compatibilityVersion = "Xcode 3.2";
			developmentRegion = en;
			hasScannedForEncodings = 0;
			knownRegions = (
				en,
			);
			mainGroup = OBJ_5;
			productRefGroup = OBJ_14 /* Products */;
			projectDirPath = "";
			projectRoot = "";
			targets = (
				"EJSwiftShim::EJSwiftShim" /* EJSwiftShim */,
				"EJSwiftShim::SwiftPMPackageDescription" /* EJSwiftShimPackageDescription */,
				"EJSwiftShim::EJSwiftShimPackageTests::ProductTarget" /* EJSwiftShimPackageTests */,
				"EJSwiftShim::EJSwiftShimTests" /* EJSwiftShimTests */,
			);
		};
/* End PBXProject section */

/* Begin PBXSourcesBuildPhase section */
		OBJ_23 /* Sources */ = {
			isa = PBXSourcesBuildPhase;
			buildActionMask = 0;
			files = (
				OBJ_24 /* EJSwiftShim.swift in Sources */,
			);
			runOnlyForDeploymentPostprocessing = 0;
		};
		OBJ_30 /* Sources */ = {
			isa = PBXSourcesBuildPhase;
			buildActionMask = 0;
			files = (
				OBJ_31 /* Package.swift in Sources */,
			);
			runOnlyForDeploymentPostprocessing = 0;
		};
		OBJ_41 /* Sources */ = {
			isa = PBXSourcesBuildPhase;
			buildActionMask = 0;
			files = (
				52C20AC9257139B200655EBF /* TestClass.swift in Sources */,
				OBJ_42 /* EJSwiftShimTests.swift in Sources */,
				OBJ_43 /* XCTestManifests.swift in Sources */,
				52C20B072571645000655EBF /* Context.swift in Sources */,
				52C20AC32571374500655EBF /* ShimCreateClassTypeTests.swift in Sources */,
				52C20ADB2571406400655EBF /* ClassTypeShim.swift in Sources */,
				52C20B192572170E00655EBF /* InstanceTypeShimReplacableTests.swift in Sources */,
				52C20B132572156300655EBF /* ClassTypeShimReplacableTests.swift in Sources */,
				52C20B01257163B100655EBF /* ContextTests.swift in Sources */,
				52C20AFB257161D200655EBF /* BlockChecker.swift in Sources */,
				52C20AF125715B6100655EBF /* InstanceTypeShim.swift in Sources */,
				52C20AE125714FA800655EBF /* ShimError.swift in Sources */,
				52C20AD525713CF800655EBF /* Shimable.swift in Sources */,
				52C20AEB25715A5F00655EBF /* ShimCreateIntanceTypeTests.swift in Sources */,
				52C20B0D257173F400655EBF /* MockShim.swift in Sources */,
				52C20ACF25713C8200655EBF /* Shim.swift in Sources */,
			);
			runOnlyForDeploymentPostprocessing = 0;
		};
/* End PBXSourcesBuildPhase section */

/* Begin PBXTargetDependency section */
		OBJ_36 /* PBXTargetDependency */ = {
			isa = PBXTargetDependency;
			target = "EJSwiftShim::EJSwiftShimTests" /* EJSwiftShimTests */;
			targetProxy = 52CD55F3256F63A100DA6387 /* PBXContainerItemProxy */;
		};
		OBJ_46 /* PBXTargetDependency */ = {
			isa = PBXTargetDependency;
			target = "EJSwiftShim::EJSwiftShim" /* EJSwiftShim */;
			targetProxy = 52CD55F0256F63A000DA6387 /* PBXContainerItemProxy */;
		};
/* End PBXTargetDependency section */

/* Begin XCBuildConfiguration section */
		OBJ_21 /* Debug */ = {
			isa = XCBuildConfiguration;
			buildSettings = {
				ENABLE_TESTABILITY = YES;
				FRAMEWORK_SEARCH_PATHS = (
					"$(inherited)",
					"$(PLATFORM_DIR)/Developer/Library/Frameworks",
				);
				HEADER_SEARCH_PATHS = "$(inherited)";
				INFOPLIST_FILE = EJSwiftShim.xcodeproj/EJSwiftShim_Info.plist;
				IPHONEOS_DEPLOYMENT_TARGET = 9.0;
				LD_RUNPATH_SEARCH_PATHS = "$(inherited) $(TOOLCHAIN_DIR)/usr/lib/swift/macosx";
				MACOSX_DEPLOYMENT_TARGET = 10.10;
				OTHER_CFLAGS = "$(inherited)";
				OTHER_LDFLAGS = "$(inherited)";
				OTHER_SWIFT_FLAGS = "$(inherited)";
				PRODUCT_BUNDLE_IDENTIFIER = EJSwiftShim;
				PRODUCT_MODULE_NAME = "$(TARGET_NAME:c99extidentifier)";
				PRODUCT_NAME = "$(TARGET_NAME:c99extidentifier)";
				SKIP_INSTALL = YES;
				SWIFT_ACTIVE_COMPILATION_CONDITIONS = "$(inherited)";
				SWIFT_VERSION = 5.0;
				TARGET_NAME = EJSwiftShim;
				TVOS_DEPLOYMENT_TARGET = 9.0;
				WATCHOS_DEPLOYMENT_TARGET = 2.0;
			};
			name = Debug;
		};
		OBJ_22 /* Release */ = {
			isa = XCBuildConfiguration;
			buildSettings = {
				ENABLE_TESTABILITY = YES;
				FRAMEWORK_SEARCH_PATHS = (
					"$(inherited)",
					"$(PLATFORM_DIR)/Developer/Library/Frameworks",
				);
				HEADER_SEARCH_PATHS = "$(inherited)";
				INFOPLIST_FILE = EJSwiftShim.xcodeproj/EJSwiftShim_Info.plist;
				IPHONEOS_DEPLOYMENT_TARGET = 9.0;
				LD_RUNPATH_SEARCH_PATHS = "$(inherited) $(TOOLCHAIN_DIR)/usr/lib/swift/macosx";
				MACOSX_DEPLOYMENT_TARGET = 10.10;
				OTHER_CFLAGS = "$(inherited)";
				OTHER_LDFLAGS = "$(inherited)";
				OTHER_SWIFT_FLAGS = "$(inherited)";
				PRODUCT_BUNDLE_IDENTIFIER = EJSwiftShim;
				PRODUCT_MODULE_NAME = "$(TARGET_NAME:c99extidentifier)";
				PRODUCT_NAME = "$(TARGET_NAME:c99extidentifier)";
				SKIP_INSTALL = YES;
				SWIFT_ACTIVE_COMPILATION_CONDITIONS = "$(inherited)";
				SWIFT_VERSION = 5.0;
				TARGET_NAME = EJSwiftShim;
				TVOS_DEPLOYMENT_TARGET = 9.0;
				WATCHOS_DEPLOYMENT_TARGET = 2.0;
			};
			name = Release;
		};
		OBJ_28 /* Debug */ = {
			isa = XCBuildConfiguration;
			buildSettings = {
				LD = /usr/bin/true;
				OTHER_SWIFT_FLAGS = "-swift-version 5 -I $(TOOLCHAIN_DIR)/usr/lib/swift/pm/4_2 -sdk /Applications/Xcode.app/Contents/Developer/Platforms/MacOSX.platform/Developer/SDKs/MacOSX11.0.sdk -package-description-version 5.3.0";
				SWIFT_VERSION = 5.0;
			};
			name = Debug;
		};
		OBJ_29 /* Release */ = {
			isa = XCBuildConfiguration;
			buildSettings = {
				LD = /usr/bin/true;
				OTHER_SWIFT_FLAGS = "-swift-version 5 -I $(TOOLCHAIN_DIR)/usr/lib/swift/pm/4_2 -sdk /Applications/Xcode.app/Contents/Developer/Platforms/MacOSX.platform/Developer/SDKs/MacOSX11.0.sdk -package-description-version 5.3.0";
				SWIFT_VERSION = 5.0;
			};
			name = Release;
		};
		OBJ_3 /* Debug */ = {
			isa = XCBuildConfiguration;
			buildSettings = {
				CLANG_ENABLE_OBJC_ARC = YES;
				COMBINE_HIDPI_IMAGES = YES;
				COPY_PHASE_STRIP = NO;
				DEBUG_INFORMATION_FORMAT = dwarf;
				DYLIB_INSTALL_NAME_BASE = "@rpath";
				ENABLE_NS_ASSERTIONS = YES;
				GCC_OPTIMIZATION_LEVEL = 0;
				GCC_PREPROCESSOR_DEFINITIONS = (
					"$(inherited)",
					"SWIFT_PACKAGE=1",
					"DEBUG=1",
				);
				IPHONEOS_DEPLOYMENT_TARGET = 9.0;
				MACOSX_DEPLOYMENT_TARGET = 10.10;
				ONLY_ACTIVE_ARCH = YES;
				OTHER_SWIFT_FLAGS = "$(inherited) -DXcode";
				PRODUCT_NAME = "$(TARGET_NAME)";
				SDKROOT = iphoneos;
				SUPPORTED_PLATFORMS = "macosx iphoneos iphonesimulator appletvos appletvsimulator watchos watchsimulator";
				SWIFT_ACTIVE_COMPILATION_CONDITIONS = "$(inherited) SWIFT_PACKAGE DEBUG";
				SWIFT_OPTIMIZATION_LEVEL = "-Onone";
				USE_HEADERMAP = NO;
			};
			name = Debug;
		};
		OBJ_34 /* Debug */ = {
			isa = XCBuildConfiguration;
			buildSettings = {
			};
			name = Debug;
		};
		OBJ_35 /* Release */ = {
			isa = XCBuildConfiguration;
			buildSettings = {
			};
			name = Release;
		};
		OBJ_39 /* Debug */ = {
			isa = XCBuildConfiguration;
			buildSettings = {
				CLANG_ENABLE_MODULES = YES;
				EMBEDDED_CONTENT_CONTAINS_SWIFT = YES;
				FRAMEWORK_SEARCH_PATHS = (
					"$(inherited)",
					"$(PLATFORM_DIR)/Developer/Library/Frameworks",
				);
				HEADER_SEARCH_PATHS = "$(inherited)";
				INFOPLIST_FILE = EJSwiftShim.xcodeproj/EJSwiftShimTests_Info.plist;
				IPHONEOS_DEPLOYMENT_TARGET = 14.0;
				LD_RUNPATH_SEARCH_PATHS = "$(inherited) @loader_path/../Frameworks @loader_path/Frameworks";
				MACOSX_DEPLOYMENT_TARGET = 10.15;
				OTHER_CFLAGS = "$(inherited)";
				OTHER_LDFLAGS = "$(inherited)";
				OTHER_SWIFT_FLAGS = "$(inherited)";
				SWIFT_ACTIVE_COMPILATION_CONDITIONS = "$(inherited)";
				SWIFT_VERSION = 5.0;
				TARGET_NAME = EJSwiftShimTests;
				TVOS_DEPLOYMENT_TARGET = 9.0;
				WATCHOS_DEPLOYMENT_TARGET = 2.0;
			};
			name = Debug;
		};
		OBJ_4 /* Release */ = {
			isa = XCBuildConfiguration;
			buildSettings = {
				CLANG_ENABLE_OBJC_ARC = YES;
				COMBINE_HIDPI_IMAGES = YES;
				COPY_PHASE_STRIP = YES;
				DEBUG_INFORMATION_FORMAT = "dwarf-with-dsym";
				DYLIB_INSTALL_NAME_BASE = "@rpath";
				GCC_OPTIMIZATION_LEVEL = s;
				GCC_PREPROCESSOR_DEFINITIONS = (
					"$(inherited)",
					"SWIFT_PACKAGE=1",
				);
				IPHONEOS_DEPLOYMENT_TARGET = 9.0;
				MACOSX_DEPLOYMENT_TARGET = 10.10;
				OTHER_SWIFT_FLAGS = "$(inherited) -DXcode";
				PRODUCT_NAME = "$(TARGET_NAME)";
				SDKROOT = iphoneos;
				SUPPORTED_PLATFORMS = "macosx iphoneos iphonesimulator appletvos appletvsimulator watchos watchsimulator";
				SWIFT_ACTIVE_COMPILATION_CONDITIONS = "$(inherited) SWIFT_PACKAGE";
				SWIFT_OPTIMIZATION_LEVEL = "-Owholemodule";
				USE_HEADERMAP = NO;
			};
			name = Release;
		};
		OBJ_40 /* Release */ = {
			isa = XCBuildConfiguration;
			buildSettings = {
				CLANG_ENABLE_MODULES = YES;
				EMBEDDED_CONTENT_CONTAINS_SWIFT = YES;
				FRAMEWORK_SEARCH_PATHS = (
					"$(inherited)",
					"$(PLATFORM_DIR)/Developer/Library/Frameworks",
				);
				HEADER_SEARCH_PATHS = "$(inherited)";
				INFOPLIST_FILE = EJSwiftShim.xcodeproj/EJSwiftShimTests_Info.plist;
				IPHONEOS_DEPLOYMENT_TARGET = 14.0;
				LD_RUNPATH_SEARCH_PATHS = "$(inherited) @loader_path/../Frameworks @loader_path/Frameworks";
				MACOSX_DEPLOYMENT_TARGET = 10.15;
				OTHER_CFLAGS = "$(inherited)";
				OTHER_LDFLAGS = "$(inherited)";
				OTHER_SWIFT_FLAGS = "$(inherited)";
				SWIFT_ACTIVE_COMPILATION_CONDITIONS = "$(inherited)";
				SWIFT_VERSION = 5.0;
				TARGET_NAME = EJSwiftShimTests;
				TVOS_DEPLOYMENT_TARGET = 9.0;
				WATCHOS_DEPLOYMENT_TARGET = 2.0;
			};
			name = Release;
		};
/* End XCBuildConfiguration section */

/* Begin XCConfigurationList section */
		OBJ_2 /* Build configuration list for PBXProject "EJSwiftShim" */ = {
			isa = XCConfigurationList;
			buildConfigurations = (
				OBJ_3 /* Debug */,
				OBJ_4 /* Release */,
			);
			defaultConfigurationIsVisible = 0;
			defaultConfigurationName = Release;
		};
		OBJ_20 /* Build configuration list for PBXNativeTarget "EJSwiftShim" */ = {
			isa = XCConfigurationList;
			buildConfigurations = (
				OBJ_21 /* Debug */,
				OBJ_22 /* Release */,
			);
			defaultConfigurationIsVisible = 0;
			defaultConfigurationName = Release;
		};
		OBJ_27 /* Build configuration list for PBXNativeTarget "EJSwiftShimPackageDescription" */ = {
			isa = XCConfigurationList;
			buildConfigurations = (
				OBJ_28 /* Debug */,
				OBJ_29 /* Release */,
			);
			defaultConfigurationIsVisible = 0;
			defaultConfigurationName = Release;
		};
		OBJ_33 /* Build configuration list for PBXAggregateTarget "EJSwiftShimPackageTests" */ = {
			isa = XCConfigurationList;
			buildConfigurations = (
				OBJ_34 /* Debug */,
				OBJ_35 /* Release */,
			);
			defaultConfigurationIsVisible = 0;
			defaultConfigurationName = Release;
		};
		OBJ_38 /* Build configuration list for PBXNativeTarget "EJSwiftShimTests" */ = {
			isa = XCConfigurationList;
			buildConfigurations = (
				OBJ_39 /* Debug */,
				OBJ_40 /* Release */,
			);
			defaultConfigurationIsVisible = 0;
			defaultConfigurationName = Release;
		};
/* End XCConfigurationList section */
	};
	rootObject = OBJ_1 /* Project object */;
}
